Microsoft Visual Studio Solution File, Format Version 11.00
# Visual Studio 2008

Project("{8574D8C8-8036-C871-077A-57EB1497DE7F}") = "animatorschar", "Assembly-CSharp.csproj", "{3A3D21F2-C47F-A48B-5FAC-23DF9333143C}"
EndProject
Project("{8574D8C8-8036-C871-077A-57EB1497DE7F}") = "animatorschar", "Assembly-CSharp-Editor.csproj", "{CF4DE70D-582C-BD31-ED66-6CCD3F34066C}"
EndProject
Global
	GlobalSection(SolutionConfigurationPlatforms) = preSolution
		Debug|Any CPU = Debug|Any CPU
		Release|Any CPU = Release|Any CPU
	EndGlobalSection
	GlobalSection(ProjectConfigurationPlatforms) = postSolution
		{3A3D21F2-C47F-A48B-5FAC-23DF9333143C}.Debug|Any CPU.ActiveCfg = Debug|Any CPU
		{3A3D21F2-C47F-A48B-5FAC-23DF9333143C}.Debug|Any CPU.Build.0 = Debug|Any CPU
		{3A3D21F2-C47F-A48B-5FAC-23DF9333143C}.Release|Any CPU.ActiveCfg = Release|Any CPU
		{3A3D21F2-C47F-A48B-5FAC-23DF9333143C}.Release|Any CPU.Build.0 = Release|Any CPU
		{CF4DE70D-582C-BD31-ED66-6CCD3F34066C}.Debug|Any CPU.ActiveCfg = Debug|Any CPU
		{CF4DE70D-582C-BD31-ED66-6CCD3F34066C}.Debug|Any CPU.Build.0 = Debug|Any CPU
		{CF4DE70D-582C-BD31-ED66-6CCD3F34066C}.Release|Any CPU.ActiveCfg = Release|Any CPU
		{CF4DE70D-582C-BD31-ED66-6CCD3F34066C}.Release|Any CPU.Build.0 = Release|Any CPU
	EndGlobalSection
	GlobalSection(SolutionProperties) = preSolution
		HideSolutionNode = FALSE
	EndGlobalSection
	GlobalSection(MonoDevelopProperties) = preSolution
		StartupItem = Assembly-CSharp.csproj
	EndGlobalSection
EndGlobal
